
Microsoft Visual Studio Solution File, Format Version 11.00
# Visual Studio 2010
Project("{FAE04EC0-301F-11D3-BF4B-00C04F79EFBC}") = "action-potential-unity", "Assembly-CSharp.csproj", "{9E36480F-E704-628B-3974-1DB57BD1EAB0}"
EndProject
Project("{FAE04EC0-301F-11D3-BF4B-00C04F79EFBC}") = "action-potential-unity", "Assembly-CSharp-Editor.csproj", "{DA9E5879-6A6E-871A-F1B3-7F18872E6F23}"
EndProject
Global
	GlobalSection(SolutionConfigurationPlatforms) = preSolution
		Debug|Any CPU = Debug|Any CPU
		Release|Any CPU = Release|Any CPU
	EndGlobalSection
	GlobalSection(ProjectConfigurationPlatforms) = postSolution
		{9E36480F-E704-628B-3974-1DB57BD1EAB0}.Debug|Any CPU.ActiveCfg = Debug|Any CPU
		{9E36480F-E704-628B-3974-1DB57BD1EAB0}.Debug|Any CPU.Build.0 = Debug|Any CPU
		{9E36480F-E704-628B-3974-1DB57BD1EAB0}.Release|Any CPU.ActiveCfg = Release|Any CPU
		{9E36480F-E704-628B-3974-1DB57BD1EAB0}.Release|Any CPU.Build.0 = Release|Any CPU
		{DA9E5879-6A6E-871A-F1B3-7F18872E6F23}.Debug|Any CPU.ActiveCfg = Debug|Any CPU
		{DA9E5879-6A6E-871A-F1B3-7F18872E6F23}.Debug|Any CPU.Build.0 = Debug|Any CPU
		{DA9E5879-6A6E-871A-F1B3-7F18872E6F23}.Release|Any CPU.ActiveCfg = Release|Any CPU
		{DA9E5879-6A6E-871A-F1B3-7F18872E6F23}.Release|Any CPU.Build.0 = Release|Any CPU
	EndGlobalSection
	GlobalSection(SolutionProperties) = preSolution
		HideSolutionNode = FALSE
	EndGlobalSection
	GlobalSection(MonoDevelopProperties) = preSolution
		StartupItem = Assembly-CSharp.csproj
	EndGlobalSection
EndGlobal
